
Microsoft Visual Studio Solution File, Format Version 12.00
# Visual Studio Version 17
VisualStudioVersion = 17.2.32516.85
MinimumVisualStudioVersion = 10.0.40219.1
Project("{FAE04EC0-301F-11D3-BF4B-00C04F79EFBC}") = "DocumentViewerPOC", "DocumentViewerPOC\DocumentViewerPOC.csproj", "{FFA6102D-F5A2-497B-B986-1CE956619AD3}"
EndProject
Global
	GlobalSection(SolutionConfigurationPlatforms) = preSolution
		Debug|Any CPU = Debug|Any CPU
		Release|Any CPU = Release|Any CPU
	EndGlobalSection
	GlobalSection(ProjectConfigurationPlatforms) = postSolution
		{FFA6102D-F5A2-497B-B986-1CE956619AD3}.Debug|Any CPU.ActiveCfg = Debug|Any CPU
		{FFA6102D-F5A2-497B-B986-1CE956619AD3}.Debug|Any CPU.Build.0 = Debug|Any CPU
		{FFA6102D-F5A2-497B-B986-1CE956619AD3}.Release|Any CPU.ActiveCfg = Release|Any CPU
		{FFA6102D-F5A2-497B-B986-1CE956619AD3}.Release|Any CPU.Build.0 = Release|Any CPU
	EndGlobalSection
	GlobalSection(SolutionProperties) = preSolution
		HideSolutionNode = FALSE
	EndGlobalSection
	GlobalSection(ExtensibilityGlobals) = postSolution
		SolutionGuid = {C4445694-68B9-4DCD-BD90-9FC5FDA42054}
	EndGlobalSection
EndGlobal
